
Microsoft Visual Studio Solution File, Format Version 12.00
# Visual Studio 2013
VisualStudioVersion = 12.0.21005.1
MinimumVisualStudioVersion = 10.0.40219.1
Project("{FAE04EC0-301F-11D3-BF4B-00C04F79EFBC}") = "Risk", "Risk\Risk.csproj", "{9D3CB2D0-9BCD-46E0-A4B4-A00A71A08DFE}"
EndProject
Project("{FAE04EC0-301F-11D3-BF4B-00C04F79EFBC}") = "RiskServiceTest", "RiskServiceTest\RiskServiceTest.csproj", "{3821ACE7-B9D9-4EB1-80EC-9EA79ABF58AE}"
EndProject
Global
	GlobalSection(SolutionConfigurationPlatforms) = preSolution
		Debug|Any CPU = Debug|Any CPU
		Release|Any CPU = Release|Any CPU
	EndGlobalSection
	GlobalSection(ProjectConfigurationPlatforms) = postSolution
		{9D3CB2D0-9BCD-46E0-A4B4-A00A71A08DFE}.Debug|Any CPU.ActiveCfg = Debug|Any CPU
		{9D3CB2D0-9BCD-46E0-A4B4-A00A71A08DFE}.Debug|Any CPU.Build.0 = Debug|Any CPU
		{9D3CB2D0-9BCD-46E0-A4B4-A00A71A08DFE}.Release|Any CPU.ActiveCfg = Release|Any CPU
		{9D3CB2D0-9BCD-46E0-A4B4-A00A71A08DFE}.Release|Any CPU.Build.0 = Release|Any CPU
		{3821ACE7-B9D9-4EB1-80EC-9EA79ABF58AE}.Debug|Any CPU.ActiveCfg = Debug|Any CPU
		{3821ACE7-B9D9-4EB1-80EC-9EA79ABF58AE}.Debug|Any CPU.Build.0 = Debug|Any CPU
		{3821ACE7-B9D9-4EB1-80EC-9EA79ABF58AE}.Release|Any CPU.ActiveCfg = Release|Any CPU
		{3821ACE7-B9D9-4EB1-80EC-9EA79ABF58AE}.Release|Any CPU.Build.0 = Release|Any CPU
	EndGlobalSection
	GlobalSection(SolutionProperties) = preSolution
		HideSolutionNode = FALSE
	EndGlobalSection
EndGlobal
